
Microsoft Visual Studio Solution File, Format Version 12.00
# Visual Studio Version 17
VisualStudioVersion = 17.1.32210.238
MinimumVisualStudioVersion = 10.0.40219.1
Project("{FAE04EC0-301F-11D3-BF4B-00C04F79EFBC}") = "3_project", "3_project\3_project.csproj", "{8FBA4E1B-EC1B-4FB4-B472-9160C7098D35}"
EndProject
Global
	GlobalSection(SolutionConfigurationPlatforms) = preSolution
		Debug|Any CPU = Debug|Any CPU
		Release|Any CPU = Release|Any CPU
	EndGlobalSection
	GlobalSection(ProjectConfigurationPlatforms) = postSolution
		{8FBA4E1B-EC1B-4FB4-B472-9160C7098D35}.Debug|Any CPU.ActiveCfg = Debug|Any CPU
		{8FBA4E1B-EC1B-4FB4-B472-9160C7098D35}.Debug|Any CPU.Build.0 = Debug|Any CPU
		{8FBA4E1B-EC1B-4FB4-B472-9160C7098D35}.Release|Any CPU.ActiveCfg = Release|Any CPU
		{8FBA4E1B-EC1B-4FB4-B472-9160C7098D35}.Release|Any CPU.Build.0 = Release|Any CPU
	EndGlobalSection
	GlobalSection(SolutionProperties) = preSolution
		HideSolutionNode = FALSE
	EndGlobalSection
	GlobalSection(ExtensibilityGlobals) = postSolution
		SolutionGuid = {6FD61610-F996-45A4-8183-A46FD6F5CAC9}
	EndGlobalSection
EndGlobal
